
Microsoft Visual Studio Solution File, Format Version 12.00
# Visual Studio Version 17
VisualStudioVersion = 17.0.32014.148
MinimumVisualStudioVersion = 10.0.40219.1
Project("{FAE04EC0-301F-11D3-BF4B-00C04F79EFBC}") = "SudokuAPI", "SudokuAPI.csproj", "{0489BC98-F427-4459-BB08-DBC92314009B}"
EndProject
Global
	GlobalSection(SolutionConfigurationPlatforms) = preSolution
		Debug|Any CPU = Debug|Any CPU
		Release|Any CPU = Release|Any CPU
	EndGlobalSection
	GlobalSection(ProjectConfigurationPlatforms) = postSolution
		{0489BC98-F427-4459-BB08-DBC92314009B}.Debug|Any CPU.ActiveCfg = Debug|Any CPU
		{0489BC98-F427-4459-BB08-DBC92314009B}.Debug|Any CPU.Build.0 = Debug|Any CPU
		{0489BC98-F427-4459-BB08-DBC92314009B}.Release|Any CPU.ActiveCfg = Release|Any CPU
		{0489BC98-F427-4459-BB08-DBC92314009B}.Release|Any CPU.Build.0 = Release|Any CPU
	EndGlobalSection
	GlobalSection(SolutionProperties) = preSolution
		HideSolutionNode = FALSE
	EndGlobalSection
	GlobalSection(ExtensibilityGlobals) = postSolution
		SolutionGuid = {9EEC37FC-FF4B-4546-92FC-6A57682B8206}
	EndGlobalSection
EndGlobal
